
Microsoft Visual Studio Solution File, Format Version 12.00
# Visual Studio Version 16
VisualStudioVersion = 16.0.29905.134
MinimumVisualStudioVersion = 10.0.40219.1
Project("{FAE04EC0-301F-11D3-BF4B-00C04F79EFBC}") = "Task04", "Task04\Task04.csproj", "{DEBB06A8-4A46-44E5-92E1-C6053C5CC3F1}"
EndProject
Global
	GlobalSection(SolutionConfigurationPlatforms) = preSolution
		Debug|Any CPU = Debug|Any CPU
		Release|Any CPU = Release|Any CPU
	EndGlobalSection
	GlobalSection(ProjectConfigurationPlatforms) = postSolution
		{DEBB06A8-4A46-44E5-92E1-C6053C5CC3F1}.Debug|Any CPU.ActiveCfg = Debug|Any CPU
		{DEBB06A8-4A46-44E5-92E1-C6053C5CC3F1}.Debug|Any CPU.Build.0 = Debug|Any CPU
		{DEBB06A8-4A46-44E5-92E1-C6053C5CC3F1}.Release|Any CPU.ActiveCfg = Release|Any CPU
		{DEBB06A8-4A46-44E5-92E1-C6053C5CC3F1}.Release|Any CPU.Build.0 = Release|Any CPU
	EndGlobalSection
	GlobalSection(SolutionProperties) = preSolution
		HideSolutionNode = FALSE
	EndGlobalSection
	GlobalSection(ExtensibilityGlobals) = postSolution
		SolutionGuid = {7377D05A-CEF8-426F-8C5E-F6D704F72EE7}
	EndGlobalSection
EndGlobal
